
Microsoft Visual Studio Solution File, Format Version 12.00
# Visual Studio 15
VisualStudioVersion = 15.0.28307.271
MinimumVisualStudioVersion = 10.0.40219.1
Project("{FAE04EC0-301F-11D3-BF4B-00C04F79EFBC}") = "ShellSquare.Witsml.Client", "ShellSquare.Witsml.Client\ShellSquare.Witsml.Client.csproj", "{DB9F9480-28BA-4D79-AC85-94915E8BAC90}"
EndProject
Project("{930C7802-8A8C-48F9-8165-68863BCCD9DD}") = "ShellSquareWitsmlClientSetup", "ShellSquareWitsmlClientSetup\ShellSquareWitsmlClientSetup.wixproj", "{8A72FB7B-E3D4-406A-A9AF-F39E2DDB6FA9}"
EndProject
Global
	GlobalSection(SolutionConfigurationPlatforms) = preSolution
		Debug|Any CPU = Debug|Any CPU
		Debug|x86 = Debug|x86
		Release|Any CPU = Release|Any CPU
		Release|x86 = Release|x86
	EndGlobalSection
	GlobalSection(ProjectConfigurationPlatforms) = postSolution
		{DB9F9480-28BA-4D79-AC85-94915E8BAC90}.Debug|Any CPU.ActiveCfg = Debug|Any CPU
		{DB9F9480-28BA-4D79-AC85-94915E8BAC90}.Debug|Any CPU.Build.0 = Debug|Any CPU
		{DB9F9480-28BA-4D79-AC85-94915E8BAC90}.Debug|x86.ActiveCfg = Debug|Any CPU
		{DB9F9480-28BA-4D79-AC85-94915E8BAC90}.Debug|x86.Build.0 = Debug|Any CPU
		{DB9F9480-28BA-4D79-AC85-94915E8BAC90}.Release|Any CPU.ActiveCfg = Release|Any CPU
		{DB9F9480-28BA-4D79-AC85-94915E8BAC90}.Release|Any CPU.Build.0 = Release|Any CPU
		{DB9F9480-28BA-4D79-AC85-94915E8BAC90}.Release|x86.ActiveCfg = Release|Any CPU
		{DB9F9480-28BA-4D79-AC85-94915E8BAC90}.Release|x86.Build.0 = Release|Any CPU
		{8A72FB7B-E3D4-406A-A9AF-F39E2DDB6FA9}.Debug|Any CPU.ActiveCfg = Debug|x86
		{8A72FB7B-E3D4-406A-A9AF-F39E2DDB6FA9}.Debug|x86.ActiveCfg = Debug|x86
		{8A72FB7B-E3D4-406A-A9AF-F39E2DDB6FA9}.Debug|x86.Build.0 = Debug|x86
		{8A72FB7B-E3D4-406A-A9AF-F39E2DDB6FA9}.Release|Any CPU.ActiveCfg = Release|x86
		{8A72FB7B-E3D4-406A-A9AF-F39E2DDB6FA9}.Release|x86.ActiveCfg = Release|x86
		{8A72FB7B-E3D4-406A-A9AF-F39E2DDB6FA9}.Release|x86.Build.0 = Release|x86
	EndGlobalSection
	GlobalSection(SolutionProperties) = preSolution
		HideSolutionNode = FALSE
	EndGlobalSection
	GlobalSection(ExtensibilityGlobals) = postSolution
		SolutionGuid = {790F32BB-567F-4593-85BC-D9565C5A25FB}
	EndGlobalSection
EndGlobal
